
Microsoft Visual Studio Solution File, Format Version 12.00
# Visual Studio Version 16
VisualStudioVersion = 16.0.29509.3
MinimumVisualStudioVersion = 10.0.40219.1
Project("{FAE04EC0-301F-11D3-BF4B-00C04F79EFBC}") = "appclass", "appclass.csproj", "{34D02FCE-F9A0-4AE6-A717-9543817F3416}"
EndProject
Project("{FAE04EC0-301F-11D3-BF4B-00C04F79EFBC}") = "LibraryProject", "..\LibraryProject\LibraryProject.csproj", "{7E4CC3BD-4F48-4E65-97AD-15DA33FEED57}"
EndProject
Global
	GlobalSection(SolutionConfigurationPlatforms) = preSolution
		Debug|Any CPU = Debug|Any CPU
		Release|Any CPU = Release|Any CPU
	EndGlobalSection
	GlobalSection(ProjectConfigurationPlatforms) = postSolution
		{34D02FCE-F9A0-4AE6-A717-9543817F3416}.Debug|Any CPU.ActiveCfg = Debug|Any CPU
		{34D02FCE-F9A0-4AE6-A717-9543817F3416}.Debug|Any CPU.Build.0 = Debug|Any CPU
		{34D02FCE-F9A0-4AE6-A717-9543817F3416}.Release|Any CPU.ActiveCfg = Release|Any CPU
		{34D02FCE-F9A0-4AE6-A717-9543817F3416}.Release|Any CPU.Build.0 = Release|Any CPU
		{7E4CC3BD-4F48-4E65-97AD-15DA33FEED57}.Debug|Any CPU.ActiveCfg = Debug|Any CPU
		{7E4CC3BD-4F48-4E65-97AD-15DA33FEED57}.Debug|Any CPU.Build.0 = Debug|Any CPU
		{7E4CC3BD-4F48-4E65-97AD-15DA33FEED57}.Release|Any CPU.ActiveCfg = Release|Any CPU
		{7E4CC3BD-4F48-4E65-97AD-15DA33FEED57}.Release|Any CPU.Build.0 = Release|Any CPU
	EndGlobalSection
	GlobalSection(SolutionProperties) = preSolution
		HideSolutionNode = FALSE
	EndGlobalSection
	GlobalSection(ExtensibilityGlobals) = postSolution
		SolutionGuid = {155729B3-0175-4C9D-ADF1-E7DB5793F9B1}
	EndGlobalSection
EndGlobal
